// !$*UTF8*$!
{
	archiveVersion = 1;
	classes = {
	};
	objectVersion = 56;
	objects = {

/* Begin PBXBuildFile section */
		5ADD33F22AE2546F006A47A1 /* AppDelegate.swift in Sources */ = {isa = PBXBuildFile; fileRef = 5ADD33F12AE2546F006A47A1 /* AppDelegate.swift */; };
		5ADD33F42AE2546F006A47A1 /* SceneDelegate.swift in Sources */ = {isa = PBXBuildFile; fileRef = 5ADD33F32AE2546F006A47A1 /* SceneDelegate.swift */; };
		5ADD33F62AE2546F006A47A1 /* ViewController.swift in Sources */ = {isa = PBXBuildFile; fileRef = 5ADD33F52AE2546F006A47A1 /* ViewController.swift */; };
		5ADD33FB2AE25470006A47A1 /* Assets.xcassets in Resources */ = {isa = PBXBuildFile; fileRef = 5ADD33FA2AE25470006A47A1 /* Assets.xcassets */; };
		5ADD33FE2AE25470006A47A1 /* LaunchScreen.storyboard in Resources */ = {isa = PBXBuildFile; fileRef = 5ADD33FC2AE25470006A47A1 /* LaunchScreen.storyboard */; };
		5ADD34092AE25471006A47A1 /* SaltMiniProjectTests.swift in Sources */ = {isa = PBXBuildFile; fileRef = 5ADD34082AE25471006A47A1 /* SaltMiniProjectTests.swift */; };
		5ADD34132AE25471006A47A1 /* SaltMiniProjectUITests.swift in Sources */ = {isa = PBXBuildFile; fileRef = 5ADD34122AE25471006A47A1 /* SaltMiniProjectUITests.swift */; };
		5ADD34152AE25471006A47A1 /* SaltMiniProjectUITestsLaunchTests.swift in Sources */ = {isa = PBXBuildFile; fileRef = 5ADD34142AE25471006A47A1 /* SaltMiniProjectUITestsLaunchTests.swift */; };
		5ADD34252AE25692006A47A1 /* Bundle+decode.swift in Sources */ = {isa = PBXBuildFile; fileRef = 5ADD34242AE25692006A47A1 /* Bundle+decode.swift */; };
		5ADD34272AE256F4006A47A1 /* HomepageDataModel.swift in Sources */ = {isa = PBXBuildFile; fileRef = 5ADD34262AE256F4006A47A1 /* HomepageDataModel.swift */; };
		5ADD34292AE261D4006A47A1 /* TokenDataModel.swift in Sources */ = {isa = PBXBuildFile; fileRef = 5ADD34282AE261D4006A47A1 /* TokenDataModel.swift */; };
		5ADD342B2AE263D1006A47A1 /* HomePageViewController.swift in Sources */ = {isa = PBXBuildFile; fileRef = 5ADD342A2AE263D1006A47A1 /* HomePageViewController.swift */; };
		5ADD342E2AE26A4A006A47A1 /* UserInfoCell.swift in Sources */ = {isa = PBXBuildFile; fileRef = 5ADD342D2AE26A4A006A47A1 /* UserInfoCell.swift */; };
		6694B5D53986340B4AD654E9 /* Pods_SaltMiniProjectTests.framework in Frameworks */ = {isa = PBXBuildFile; fileRef = 95523F36A0318D9A1FFB6396 /* Pods_SaltMiniProjectTests.framework */; };
		7F90F8C01C10E817CFEBFF73 /* Pods_SaltMiniProject_SaltMiniProjectUITests.framework in Frameworks */ = {isa = PBXBuildFile; fileRef = F25051BAB298064414CA2CA8 /* Pods_SaltMiniProject_SaltMiniProjectUITests.framework */; };
		E3AD12C07B57FDD067B6E0CA /* Pods_SaltMiniProject.framework in Frameworks */ = {isa = PBXBuildFile; fileRef = 013FA6AE9D880E8B75982168 /* Pods_SaltMiniProject.framework */; };
/* End PBXBuildFile section */

/* Begin PBXContainerItemProxy section */
		5ADD34052AE25471006A47A1 /* PBXContainerItemProxy */ = {
			isa = PBXContainerItemProxy;
			containerPortal = 5ADD33E62AE2546F006A47A1 /* Project object */;
			proxyType = 1;
			remoteGlobalIDString = 5ADD33ED2AE2546F006A47A1;
			remoteInfo = SaltMiniProject;
		};
		5ADD340F2AE25471006A47A1 /* PBXContainerItemProxy */ = {
			isa = PBXContainerItemProxy;
			containerPortal = 5ADD33E62AE2546F006A47A1 /* Project object */;
			proxyType = 1;
			remoteGlobalIDString = 5ADD33ED2AE2546F006A47A1;
			remoteInfo = SaltMiniProject;
		};
/* End PBXContainerItemProxy section */

/* Begin PBXFileReference section */
		00DCD8BD95344FD03F1E175E /* Pods-SaltMiniProject-SaltMiniProjectUITests.release.xcconfig */ = {isa = PBXFileReference; includeInIndex = 1; lastKnownFileType = text.xcconfig; name = "Pods-SaltMiniProject-SaltMiniProjectUITests.release.xcconfig"; path = "Target Support Files/Pods-SaltMiniProject-SaltMiniProjectUITests/Pods-SaltMiniProject-SaltMiniProjectUITests.release.xcconfig"; sourceTree = "<group>"; };
		013FA6AE9D880E8B75982168 /* Pods_SaltMiniProject.framework */ = {isa = PBXFileReference; explicitFileType = wrapper.framework; includeInIndex = 0; path = Pods_SaltMiniProject.framework; sourceTree = BUILT_PRODUCTS_DIR; };
		1F817B703269F9F2A96CEB01 /* Pods-SaltMiniProject.release.xcconfig */ = {isa = PBXFileReference; includeInIndex = 1; lastKnownFileType = text.xcconfig; name = "Pods-SaltMiniProject.release.xcconfig"; path = "Target Support Files/Pods-SaltMiniProject/Pods-SaltMiniProject.release.xcconfig"; sourceTree = "<group>"; };
		5ADD33EE2AE2546F006A47A1 /* SaltMiniProject.app */ = {isa = PBXFileReference; explicitFileType = wrapper.application; includeInIndex = 0; path = SaltMiniProject.app; sourceTree = BUILT_PRODUCTS_DIR; };
		5ADD33F12AE2546F006A47A1 /* AppDelegate.swift */ = {isa = PBXFileReference; lastKnownFileType = sourcecode.swift; path = AppDelegate.swift; sourceTree = "<group>"; };
		5ADD33F32AE2546F006A47A1 /* SceneDelegate.swift */ = {isa = PBXFileReference; lastKnownFileType = sourcecode.swift; path = SceneDelegate.swift; sourceTree = "<group>"; };
		5ADD33F52AE2546F006A47A1 /* ViewController.swift */ = {isa = PBXFileReference; lastKnownFileType = sourcecode.swift; path = ViewController.swift; sourceTree = "<group>"; };
		5ADD33FA2AE25470006A47A1 /* Assets.xcassets */ = {isa = PBXFileReference; lastKnownFileType = folder.assetcatalog; path = Assets.xcassets; sourceTree = "<group>"; };
		5ADD33FD2AE25470006A47A1 /* Base */ = {isa = PBXFileReference; lastKnownFileType = file.storyboard; name = Base; path = Base.lproj/LaunchScreen.storyboard; sourceTree = "<group>"; };
		5ADD33FF2AE25470006A47A1 /* Info.plist */ = {isa = PBXFileReference; lastKnownFileType = text.plist.xml; path = Info.plist; sourceTree = "<group>"; };
		5ADD34042AE25471006A47A1 /* SaltMiniProjectTests.xctest */ = {isa = PBXFileReference; explicitFileType = wrapper.cfbundle; includeInIndex = 0; path = SaltMiniProjectTests.xctest; sourceTree = BUILT_PRODUCTS_DIR; };
		5ADD34082AE25471006A47A1 /* SaltMiniProjectTests.swift */ = {isa = PBXFileReference; lastKnownFileType = sourcecode.swift; path = SaltMiniProjectTests.swift; sourceTree = "<group>"; };
		5ADD340E2AE25471006A47A1 /* SaltMiniProjectUITests.xctest */ = {isa = PBXFileReference; explicitFileType = wrapper.cfbundle; includeInIndex = 0; path = SaltMiniProjectUITests.xctest; sourceTree = BUILT_PRODUCTS_DIR; };
		5ADD34122AE25471006A47A1 /* SaltMiniProjectUITests.swift */ = {isa = PBXFileReference; lastKnownFileType = sourcecode.swift; path = SaltMiniProjectUITests.swift; sourceTree = "<group>"; };
		5ADD34142AE25471006A47A1 /* SaltMiniProjectUITestsLaunchTests.swift */ = {isa = PBXFileReference; lastKnownFileType = sourcecode.swift; path = SaltMiniProjectUITestsLaunchTests.swift; sourceTree = "<group>"; };
		5ADD34242AE25692006A47A1 /* Bundle+decode.swift */ = {isa = PBXFileReference; lastKnownFileType = sourcecode.swift; path = "Bundle+decode.swift"; sourceTree = "<group>"; };
		5ADD34262AE256F4006A47A1 /* HomepageDataModel.swift */ = {isa = PBXFileReference; lastKnownFileType = sourcecode.swift; path = HomepageDataModel.swift; sourceTree = "<group>"; };
		5ADD34282AE261D4006A47A1 /* TokenDataModel.swift */ = {isa = PBXFileReference; lastKnownFileType = sourcecode.swift; path = TokenDataModel.swift; sourceTree = "<group>"; };
		5ADD342A2AE263D1006A47A1 /* HomePageViewController.swift */ = {isa = PBXFileReference; lastKnownFileType = sourcecode.swift; path = HomePageViewController.swift; sourceTree = "<group>"; };
		5ADD342D2AE26A4A006A47A1 /* UserInfoCell.swift */ = {isa = PBXFileReference; lastKnownFileType = sourcecode.swift; path = UserInfoCell.swift; sourceTree = "<group>"; };
		83E24470230FEF42EA23AA99 /* Pods-SaltMiniProject.debug.xcconfig */ = {isa = PBXFileReference; includeInIndex = 1; lastKnownFileType = text.xcconfig; name = "Pods-SaltMiniProject.debug.xcconfig"; path = "Target Support Files/Pods-SaltMiniProject/Pods-SaltMiniProject.debug.xcconfig"; sourceTree = "<group>"; };
		8EB419122DC182086D8262FE /* Pods-SaltMiniProject-SaltMiniProjectUITests.debug.xcconfig */ = {isa = PBXFileReference; includeInIndex = 1; lastKnownFileType = text.xcconfig; name = "Pods-SaltMiniProject-SaltMiniProjectUITests.debug.xcconfig"; path = "Target Support Files/Pods-SaltMiniProject-SaltMiniProjectUITests/Pods-SaltMiniProject-SaltMiniProjectUITests.debug.xcconfig"; sourceTree = "<group>"; };
		95523F36A0318D9A1FFB6396 /* Pods_SaltMiniProjectTests.framework */ = {isa = PBXFileReference; explicitFileType = wrapper.framework; includeInIndex = 0; path = Pods_SaltMiniProjectTests.framework; sourceTree = BUILT_PRODUCTS_DIR; };
		A1C38A2499297E7A8A572A54 /* Pods-SaltMiniProjectTests.debug.xcconfig */ = {isa = PBXFileReference; includeInIndex = 1; lastKnownFileType = text.xcconfig; name = "Pods-SaltMiniProjectTests.debug.xcconfig"; path = "Target Support Files/Pods-SaltMiniProjectTests/Pods-SaltMiniProjectTests.debug.xcconfig"; sourceTree = "<group>"; };
		C10F9E7AEDC417106B06A7E7 /* Pods-SaltMiniProjectTests.release.xcconfig */ = {isa = PBXFileReference; includeInIndex = 1; lastKnownFileType = text.xcconfig; name = "Pods-SaltMiniProjectTests.release.xcconfig"; path = "Target Support Files/Pods-SaltMiniProjectTests/Pods-SaltMiniProjectTests.release.xcconfig"; sourceTree = "<group>"; };
		F25051BAB298064414CA2CA8 /* Pods_SaltMiniProject_SaltMiniProjectUITests.framework */ = {isa = PBXFileReference; explicitFileType = wrapper.framework; includeInIndex = 0; path = Pods_SaltMiniProject_SaltMiniProjectUITests.framework; sourceTree = BUILT_PRODUCTS_DIR; };
/* End PBXFileReference section */

/* Begin PBXFrameworksBuildPhase section */
		5ADD33EB2AE2546F006A47A1 /* Frameworks */ = {
			isa = PBXFrameworksBuildPhase;
			buildActionMask = 2147483647;
			files = (
				E3AD12C07B57FDD067B6E0CA /* Pods_SaltMiniProject.framework in Frameworks */,
			);
			runOnlyForDeploymentPostprocessing = 0;
		};
		5ADD34012AE25471006A47A1 /* Frameworks */ = {
			isa = PBXFrameworksBuildPhase;
			buildActionMask = 2147483647;
			files = (
				6694B5D53986340B4AD654E9 /* Pods_SaltMiniProjectTests.framework in Frameworks */,
			);
			runOnlyForDeploymentPostprocessing = 0;
		};
		5ADD340B2AE25471006A47A1 /* Frameworks */ = {
			isa = PBXFrameworksBuildPhase;
			buildActionMask = 2147483647;
			files = (
				7F90F8C01C10E817CFEBFF73 /* Pods_SaltMiniProject_SaltMiniProjectUITests.framework in Frameworks */,
			);
			runOnlyForDeploymentPostprocessing = 0;
		};
/* End PBXFrameworksBuildPhase section */

/* Begin PBXGroup section */
		12C2312B8F35BB766B82D794 /* Frameworks */ = {
			isa = PBXGroup;
			children = (
				013FA6AE9D880E8B75982168 /* Pods_SaltMiniProject.framework */,
				F25051BAB298064414CA2CA8 /* Pods_SaltMiniProject_SaltMiniProjectUITests.framework */,
				95523F36A0318D9A1FFB6396 /* Pods_SaltMiniProjectTests.framework */,
			);
			name = Frameworks;
			sourceTree = "<group>";
		};
		5ADD33E52AE2546F006A47A1 = {
			isa = PBXGroup;
			children = (
				5ADD33F02AE2546F006A47A1 /* SaltMiniProject */,
				5ADD34072AE25471006A47A1 /* SaltMiniProjectTests */,
				5ADD34112AE25471006A47A1 /* SaltMiniProjectUITests */,
				5ADD33EF2AE2546F006A47A1 /* Products */,
				BC0B9D2F0D51EB67903ACCC5 /* Pods */,
				12C2312B8F35BB766B82D794 /* Frameworks */,
			);
			sourceTree = "<group>";
		};
		5ADD33EF2AE2546F006A47A1 /* Products */ = {
			isa = PBXGroup;
			children = (
				5ADD33EE2AE2546F006A47A1 /* SaltMiniProject.app */,
				5ADD34042AE25471006A47A1 /* SaltMiniProjectTests.xctest */,
				5ADD340E2AE25471006A47A1 /* SaltMiniProjectUITests.xctest */,
			);
			name = Products;
			sourceTree = "<group>";
		};
		5ADD33F02AE2546F006A47A1 /* SaltMiniProject */ = {
			isa = PBXGroup;
			children = (
				5ADD34232AE2567E006A47A1 /* Extensions */,
				5ADD34222AE25661006A47A1 /* Views */,
				5ADD34212AE25654006A47A1 /* Models */,
				5ADD33F12AE2546F006A47A1 /* AppDelegate.swift */,
				5ADD33F32AE2546F006A47A1 /* SceneDelegate.swift */,
				5ADD33F52AE2546F006A47A1 /* ViewController.swift */,
				5ADD33FA2AE25470006A47A1 /* Assets.xcassets */,
				5ADD33FC2AE25470006A47A1 /* LaunchScreen.storyboard */,
				5ADD33FF2AE25470006A47A1 /* Info.plist */,
			);
			path = SaltMiniProject;
			sourceTree = "<group>";
		};
		5ADD34072AE25471006A47A1 /* SaltMiniProjectTests */ = {
			isa = PBXGroup;
			children = (
				5ADD34082AE25471006A47A1 /* SaltMiniProjectTests.swift */,
			);
			path = SaltMiniProjectTests;
			sourceTree = "<group>";
		};
		5ADD34112AE25471006A47A1 /* SaltMiniProjectUITests */ = {
			isa = PBXGroup;
			children = (
				5ADD34122AE25471006A47A1 /* SaltMiniProjectUITests.swift */,
				5ADD34142AE25471006A47A1 /* SaltMiniProjectUITestsLaunchTests.swift */,
			);
			path = SaltMiniProjectUITests;
			sourceTree = "<group>";
		};
		5ADD34212AE25654006A47A1 /* Models */ = {
			isa = PBXGroup;
			children = (
				5ADD34262AE256F4006A47A1 /* HomepageDataModel.swift */,
				5ADD34282AE261D4006A47A1 /* TokenDataModel.swift */,
			);
			path = Models;
			sourceTree = "<group>";
		};
		5ADD34222AE25661006A47A1 /* Views */ = {
			isa = PBXGroup;
			children = (
				5ADD342C2AE26A34006A47A1 /* HomePage */,
			);
			path = Views;
			sourceTree = "<group>";
		};
		5ADD34232AE2567E006A47A1 /* Extensions */ = {
			isa = PBXGroup;
			children = (
				5ADD34242AE25692006A47A1 /* Bundle+decode.swift */,
			);
			path = Extensions;
			sourceTree = "<group>";
		};
		5ADD342C2AE26A34006A47A1 /* HomePage */ = {
			isa = PBXGroup;
			children = (
				5ADD342A2AE263D1006A47A1 /* HomePageViewController.swift */,
				5ADD342D2AE26A4A006A47A1 /* UserInfoCell.swift */,
			);
			path = HomePage;
			sourceTree = "<group>";
		};
		BC0B9D2F0D51EB67903ACCC5 /* Pods */ = {
			isa = PBXGroup;
			children = (
				83E24470230FEF42EA23AA99 /* Pods-SaltMiniProject.debug.xcconfig */,
				1F817B703269F9F2A96CEB01 /* Pods-SaltMiniProject.release.xcconfig */,
				8EB419122DC182086D8262FE /* Pods-SaltMiniProject-SaltMiniProjectUITests.debug.xcconfig */,
				00DCD8BD95344FD03F1E175E /* Pods-SaltMiniProject-SaltMiniProjectUITests.release.xcconfig */,
				A1C38A2499297E7A8A572A54 /* Pods-SaltMiniProjectTests.debug.xcconfig */,
				C10F9E7AEDC417106B06A7E7 /* Pods-SaltMiniProjectTests.release.xcconfig */,
			);
			path = Pods;
			sourceTree = "<group>";
		};
/* End PBXGroup section */

/* Begin PBXNativeTarget section */
		5ADD33ED2AE2546F006A47A1 /* SaltMiniProject */ = {
			isa = PBXNativeTarget;
			buildConfigurationList = 5ADD34182AE25471006A47A1 /* Build configuration list for PBXNativeTarget "SaltMiniProject" */;
			buildPhases = (
				4D453BAE1D7C8EFC3C2C74E6 /* [CP] Check Pods Manifest.lock */,
				5ADD33EA2AE2546F006A47A1 /* Sources */,
				5ADD33EB2AE2546F006A47A1 /* Frameworks */,
				5ADD33EC2AE2546F006A47A1 /* Resources */,
				6F7EED583D3E7FA8688C2BE3 /* [CP] Embed Pods Frameworks */,
			);
			buildRules = (
			);
			dependencies = (
			);
			name = SaltMiniProject;
			productName = SaltMiniProject;
			productReference = 5ADD33EE2AE2546F006A47A1 /* SaltMiniProject.app */;
			productType = "com.apple.product-type.application";
		};
		5ADD34032AE25471006A47A1 /* SaltMiniProjectTests */ = {
			isa = PBXNativeTarget;
			buildConfigurationList = 5ADD341B2AE25471006A47A1 /* Build configuration list for PBXNativeTarget "SaltMiniProjectTests" */;
			buildPhases = (
				5E42DB98177B6E74CBF63955 /* [CP] Check Pods Manifest.lock */,
				5ADD34002AE25471006A47A1 /* Sources */,
				5ADD34012AE25471006A47A1 /* Frameworks */,
				5ADD34022AE25471006A47A1 /* Resources */,
			);
			buildRules = (
			);
			dependencies = (
				5ADD34062AE25471006A47A1 /* PBXTargetDependency */,
			);
			name = SaltMiniProjectTests;
			productName = SaltMiniProjectTests;
			productReference = 5ADD34042AE25471006A47A1 /* SaltMiniProjectTests.xctest */;
			productType = "com.apple.product-type.bundle.unit-test";
		};
		5ADD340D2AE25471006A47A1 /* SaltMiniProjectUITests */ = {
			isa = PBXNativeTarget;
			buildConfigurationList = 5ADD341E2AE25471006A47A1 /* Build configuration list for PBXNativeTarget "SaltMiniProjectUITests" */;
			buildPhases = (
				620EA66C2DEE13CFA2135200 /* [CP] Check Pods Manifest.lock */,
				5ADD340A2AE25471006A47A1 /* Sources */,
				5ADD340B2AE25471006A47A1 /* Frameworks */,
				5ADD340C2AE25471006A47A1 /* Resources */,
				0009D379B4C00F740E80DFF7 /* [CP] Embed Pods Frameworks */,
			);
			buildRules = (
			);
			dependencies = (
				5ADD34102AE25471006A47A1 /* PBXTargetDependency */,
			);
			name = SaltMiniProjectUITests;
			productName = SaltMiniProjectUITests;
			productReference = 5ADD340E2AE25471006A47A1 /* SaltMiniProjectUITests.xctest */;
			productType = "com.apple.product-type.bundle.ui-testing";
		};
/* End PBXNativeTarget section */

/* Begin PBXProject section */
		5ADD33E62AE2546F006A47A1 /* Project object */ = {
			isa = PBXProject;
			attributes = {
				BuildIndependentTargetsInParallel = 1;
				LastSwiftUpdateCheck = 1430;
				LastUpgradeCheck = 1430;
				TargetAttributes = {
					5ADD33ED2AE2546F006A47A1 = {
						CreatedOnToolsVersion = 14.3.1;
					};
					5ADD34032AE25471006A47A1 = {
						CreatedOnToolsVersion = 14.3.1;
						TestTargetID = 5ADD33ED2AE2546F006A47A1;
					};
					5ADD340D2AE25471006A47A1 = {
						CreatedOnToolsVersion = 14.3.1;
						TestTargetID = 5ADD33ED2AE2546F006A47A1;
					};
				};
			};
			buildConfigurationList = 5ADD33E92AE2546F006A47A1 /* Build configuration list for PBXProject "SaltMiniProject" */;
			compatibilityVersion = "Xcode 14.0";
			developmentRegion = en;
			hasScannedForEncodings = 0;
			knownRegions = (
				en,
				Base,
			);
			mainGroup = 5ADD33E52AE2546F006A47A1;
			productRefGroup = 5ADD33EF2AE2546F006A47A1 /* Products */;
			projectDirPath = "";
			projectRoot = "";
			targets = (
				5ADD33ED2AE2546F006A47A1 /* SaltMiniProject */,
				5ADD34032AE25471006A47A1 /* SaltMiniProjectTests */,
				5ADD340D2AE25471006A47A1 /* SaltMiniProjectUITests */,
			);
		};
/* End PBXProject section */

/* Begin PBXResourcesBuildPhase section */
		5ADD33EC2AE2546F006A47A1 /* Resources */ = {
			isa = PBXResourcesBuildPhase;
			buildActionMask = 2147483647;
			files = (
				5ADD33FE2AE25470006A47A1 /* LaunchScreen.storyboard in Resources */,
				5ADD33FB2AE25470006A47A1 /* Assets.xcassets in Resources */,
			);
			runOnlyForDeploymentPostprocessing = 0;
		};
		5ADD34022AE25471006A47A1 /* Resources */ = {
			isa = PBXResourcesBuildPhase;
			buildActionMask = 2147483647;
			files = (
			);
			runOnlyForDeploymentPostprocessing = 0;
		};
		5ADD340C2AE25471006A47A1 /* Resources */ = {
			isa = PBXResourcesBuildPhase;
			buildActionMask = 2147483647;
			files = (
			);
			runOnlyForDeploymentPostprocessing = 0;
		};
/* End PBXResourcesBuildPhase section */

/* Begin PBXShellScriptBuildPhase section */
		0009D379B4C00F740E80DFF7 /* [CP] Embed Pods Frameworks */ = {
			isa = PBXShellScriptBuildPhase;
			buildActionMask = 2147483647;
			files = (
			);
			inputFileListPaths = (
				"${PODS_ROOT}/Target Support Files/Pods-SaltMiniProject-SaltMiniProjectUITests/Pods-SaltMiniProject-SaltMiniProjectUITests-frameworks-${CONFIGURATION}-input-files.xcfilelist",
			);
			name = "[CP] Embed Pods Frameworks";
			outputFileListPaths = (
				"${PODS_ROOT}/Target Support Files/Pods-SaltMiniProject-SaltMiniProjectUITests/Pods-SaltMiniProject-SaltMiniProjectUITests-frameworks-${CONFIGURATION}-output-files.xcfilelist",
			);
			runOnlyForDeploymentPostprocessing = 0;
			shellPath = /bin/sh;
			shellScript = "\"${PODS_ROOT}/Target Support Files/Pods-SaltMiniProject-SaltMiniProjectUITests/Pods-SaltMiniProject-SaltMiniProjectUITests-frameworks.sh\"\n";
			showEnvVarsInLog = 0;
		};
		4D453BAE1D7C8EFC3C2C74E6 /* [CP] Check Pods Manifest.lock */ = {
			isa = PBXShellScriptBuildPhase;
			buildActionMask = 2147483647;
			files = (
			);
			inputFileListPaths = (
			);
			inputPaths = (
				"${PODS_PODFILE_DIR_PATH}/Podfile.lock",
				"${PODS_ROOT}/Manifest.lock",
			);
			name = "[CP] Check Pods Manifest.lock";
			outputFileListPaths = (
			);
			outputPaths = (
				"$(DERIVED_FILE_DIR)/Pods-SaltMiniProject-checkManifestLockResult.txt",
			);
			runOnlyForDeploymentPostprocessing = 0;
			shellPath = /bin/sh;
			shellScript = "diff \"${PODS_PODFILE_DIR_PATH}/Podfile.lock\" \"${PODS_ROOT}/Manifest.lock\" > /dev/null\nif [ $? != 0 ] ; then\n    # print error to STDERR\n    echo \"error: The sandbox is not in sync with the Podfile.lock. Run 'pod install' or update your CocoaPods installation.\" >&2\n    exit 1\nfi\n# This output is used by Xcode 'outputs' to avoid re-running this script phase.\necho \"SUCCESS\" > \"${SCRIPT_OUTPUT_FILE_0}\"\n";
			showEnvVarsInLog = 0;
		};
		5E42DB98177B6E74CBF63955 /* [CP] Check Pods Manifest.lock */ = {
			isa = PBXShellScriptBuildPhase;
			buildActionMask = 2147483647;
			files = (
			);
			inputFileListPaths = (
			);
			inputPaths = (
				"${PODS_PODFILE_DIR_PATH}/Podfile.lock",
				"${PODS_ROOT}/Manifest.lock",
			);
			name = "[CP] Check Pods Manifest.lock";
			outputFileListPaths = (
			);
			outputPaths = (
				"$(DERIVED_FILE_DIR)/Pods-SaltMiniProjectTests-checkManifestLockResult.txt",
			);
			runOnlyForDeploymentPostprocessing = 0;
			shellPath = /bin/sh;
			shellScript = "diff \"${PODS_PODFILE_DIR_PATH}/Podfile.lock\" \"${PODS_ROOT}/Manifest.lock\" > /dev/null\nif [ $? != 0 ] ; then\n    # print error to STDERR\n    echo \"error: The sandbox is not in sync with the Podfile.lock. Run 'pod install' or update your CocoaPods installation.\" >&2\n    exit 1\nfi\n# This output is used by Xcode 'outputs' to avoid re-running this script phase.\necho \"SUCCESS\" > \"${SCRIPT_OUTPUT_FILE_0}\"\n";
			showEnvVarsInLog = 0;
		};
		620EA66C2DEE13CFA2135200 /* [CP] Check Pods Manifest.lock */ = {
			isa = PBXShellScriptBuildPhase;
			buildActionMask = 2147483647;
			files = (
			);
			inputFileListPaths = (
			);
			inputPaths = (
				"${PODS_PODFILE_DIR_PATH}/Podfile.lock",
				"${PODS_ROOT}/Manifest.lock",
			);
			name = "[CP] Check Pods Manifest.lock";
			outputFileListPaths = (
			);
			outputPaths = (
				"$(DERIVED_FILE_DIR)/Pods-SaltMiniProject-SaltMiniProjectUITests-checkManifestLockResult.txt",
			);
			runOnlyForDeploymentPostprocessing = 0;
			shellPath = /bin/sh;
			shellScript = "diff \"${PODS_PODFILE_DIR_PATH}/Podfile.lock\" \"${PODS_ROOT}/Manifest.lock\" > /dev/null\nif [ $? != 0 ] ; then\n    # print error to STDERR\n    echo \"error: The sandbox is not in sync with the Podfile.lock. Run 'pod install' or update your CocoaPods installation.\" >&2\n    exit 1\nfi\n# This output is used by Xcode 'outputs' to avoid re-running this script phase.\necho \"SUCCESS\" > \"${SCRIPT_OUTPUT_FILE_0}\"\n";
			showEnvVarsInLog = 0;
		};
		6F7EED583D3E7FA8688C2BE3 /* [CP] Embed Pods Frameworks */ = {
			isa = PBXShellScriptBuildPhase;
			buildActionMask = 2147483647;
			files = (
			);
			inputFileListPaths = (
				"${PODS_ROOT}/Target Support Files/Pods-SaltMiniProject/Pods-SaltMiniProject-frameworks-${CONFIGURATION}-input-files.xcfilelist",
			);
			name = "[CP] Embed Pods Frameworks";
			outputFileListPaths = (
				"${PODS_ROOT}/Target Support Files/Pods-SaltMiniProject/Pods-SaltMiniProject-frameworks-${CONFIGURATION}-output-files.xcfilelist",
			);
			runOnlyForDeploymentPostprocessing = 0;
			shellPath = /bin/sh;
			shellScript = "\"${PODS_ROOT}/Target Support Files/Pods-SaltMiniProject/Pods-SaltMiniProject-frameworks.sh\"\n";
			showEnvVarsInLog = 0;
		};
/* End PBXShellScriptBuildPhase section */

/* Begin PBXSourcesBuildPhase section */
		5ADD33EA2AE2546F006A47A1 /* Sources */ = {
			isa = PBXSourcesBuildPhase;
			buildActionMask = 2147483647;
			files = (
				5ADD33F62AE2546F006A47A1 /* ViewController.swift in Sources */,
				5ADD342E2AE26A4A006A47A1 /* UserInfoCell.swift in Sources */,
				5ADD342B2AE263D1006A47A1 /* HomePageViewController.swift in Sources */,
				5ADD34292AE261D4006A47A1 /* TokenDataModel.swift in Sources */,
				5ADD33F22AE2546F006A47A1 /* AppDelegate.swift in Sources */,
				5ADD34272AE256F4006A47A1 /* HomepageDataModel.swift in Sources */,
				5ADD33F42AE2546F006A47A1 /* SceneDelegate.swift in Sources */,
				5ADD34252AE25692006A47A1 /* Bundle+decode.swift in Sources */,
			);
			runOnlyForDeploymentPostprocessing = 0;
		};
		5ADD34002AE25471006A47A1 /* Sources */ = {
			isa = PBXSourcesBuildPhase;
			buildActionMask = 2147483647;
			files = (
				5ADD34092AE25471006A47A1 /* SaltMiniProjectTests.swift in Sources */,
			);
			runOnlyForDeploymentPostprocessing = 0;
		};
		5ADD340A2AE25471006A47A1 /* Sources */ = {
			isa = PBXSourcesBuildPhase;
			buildActionMask = 2147483647;
			files = (
				5ADD34132AE25471006A47A1 /* SaltMiniProjectUITests.swift in Sources */,
				5ADD34152AE25471006A47A1 /* SaltMiniProjectUITestsLaunchTests.swift in Sources */,
			);
			runOnlyForDeploymentPostprocessing = 0;
		};
/* End PBXSourcesBuildPhase section */

/* Begin PBXTargetDependency section */
		5ADD34062AE25471006A47A1 /* PBXTargetDependency */ = {
			isa = PBXTargetDependency;
			target = 5ADD33ED2AE2546F006A47A1 /* SaltMiniProject */;
			targetProxy = 5ADD34052AE25471006A47A1 /* PBXContainerItemProxy */;
		};
		5ADD34102AE25471006A47A1 /* PBXTargetDependency */ = {
			isa = PBXTargetDependency;
			target = 5ADD33ED2AE2546F006A47A1 /* SaltMiniProject */;
			targetProxy = 5ADD340F2AE25471006A47A1 /* PBXContainerItemProxy */;
		};
/* End PBXTargetDependency section */

/* Begin PBXVariantGroup section */
		5ADD33FC2AE25470006A47A1 /* LaunchScreen.storyboard */ = {
			isa = PBXVariantGroup;
			children = (
				5ADD33FD2AE25470006A47A1 /* Base */,
			);
			name = LaunchScreen.storyboard;
			sourceTree = "<group>";
		};
/* End PBXVariantGroup section */

/* Begin XCBuildConfiguration section */
		5ADD34162AE25471006A47A1 /* Debug */ = {
			isa = XCBuildConfiguration;
			buildSettings = {
				ALWAYS_SEARCH_USER_PATHS = NO;
				CLANG_ANALYZER_NONNULL = YES;
				CLANG_ANALYZER_NUMBER_OBJECT_CONVERSION = YES_AGGRESSIVE;
				CLANG_CXX_LANGUAGE_STANDARD = "gnu++20";
				CLANG_ENABLE_MODULES = YES;
				CLANG_ENABLE_OBJC_ARC = YES;
				CLANG_ENABLE_OBJC_WEAK = YES;
				CLANG_WARN_BLOCK_CAPTURE_AUTORELEASING = YES;
				CLANG_WARN_BOOL_CONVERSION = YES;
				CLANG_WARN_COMMA = YES;
				CLANG_WARN_CONSTANT_CONVERSION = YES;
				CLANG_WARN_DEPRECATED_OBJC_IMPLEMENTATIONS = YES;
				CLANG_WARN_DIRECT_OBJC_ISA_USAGE = YES_ERROR;
				CLANG_WARN_DOCUMENTATION_COMMENTS = YES;
				CLANG_WARN_EMPTY_BODY = YES;
				CLANG_WARN_ENUM_CONVERSION = YES;
				CLANG_WARN_INFINITE_RECURSION = YES;
				CLANG_WARN_INT_CONVERSION = YES;
				CLANG_WARN_NON_LITERAL_NULL_CONVERSION = YES;
				CLANG_WARN_OBJC_IMPLICIT_RETAIN_SELF = YES;
				CLANG_WARN_OBJC_LITERAL_CONVERSION = YES;
				CLANG_WARN_OBJC_ROOT_CLASS = YES_ERROR;
				CLANG_WARN_QUOTED_INCLUDE_IN_FRAMEWORK_HEADER = YES;
				CLANG_WARN_RANGE_LOOP_ANALYSIS = YES;
				CLANG_WARN_STRICT_PROTOTYPES = YES;
				CLANG_WARN_SUSPICIOUS_MOVE = YES;
				CLANG_WARN_UNGUARDED_AVAILABILITY = YES_AGGRESSIVE;
				CLANG_WARN_UNREACHABLE_CODE = YES;
				CLANG_WARN__DUPLICATE_METHOD_MATCH = YES;
				COPY_PHASE_STRIP = NO;
				DEBUG_INFORMATION_FORMAT = dwarf;
				ENABLE_STRICT_OBJC_MSGSEND = YES;
				ENABLE_TESTABILITY = YES;
				GCC_C_LANGUAGE_STANDARD = gnu11;
				GCC_DYNAMIC_NO_PIC = NO;
				GCC_NO_COMMON_BLOCKS = YES;
				GCC_OPTIMIZATION_LEVEL = 0;
				GCC_PREPROCESSOR_DEFINITIONS = (
					"DEBUG=1",
					"$(inherited)",
				);
				GCC_WARN_64_TO_32_BIT_CONVERSION = YES;
				GCC_WARN_ABOUT_RETURN_TYPE = YES_ERROR;
				GCC_WARN_UNDECLARED_SELECTOR = YES;
				GCC_WARN_UNINITIALIZED_AUTOS = YES_AGGRESSIVE;
				GCC_WARN_UNUSED_FUNCTION = YES;
				GCC_WARN_UNUSED_VARIABLE = YES;
				IPHONEOS_DEPLOYMENT_TARGET = 16.4;
				MTL_ENABLE_DEBUG_INFO = INCLUDE_SOURCE;
				MTL_FAST_MATH = YES;
				ONLY_ACTIVE_ARCH = YES;
				SDKROOT = iphoneos;
				SWIFT_ACTIVE_COMPILATION_CONDITIONS = DEBUG;
				SWIFT_OPTIMIZATION_LEVEL = "-Onone";
			};
			name = Debug;
		};
		5ADD34172AE25471006A47A1 /* Release */ = {
			isa = XCBuildConfiguration;
			buildSettings = {
				ALWAYS_SEARCH_USER_PATHS = NO;
				CLANG_ANALYZER_NONNULL = YES;
				CLANG_ANALYZER_NUMBER_OBJECT_CONVERSION = YES_AGGRESSIVE;
				CLANG_CXX_LANGUAGE_STANDARD = "gnu++20";
				CLANG_ENABLE_MODULES = YES;
				CLANG_ENABLE_OBJC_ARC = YES;
				CLANG_ENABLE_OBJC_WEAK = YES;
				CLANG_WARN_BLOCK_CAPTURE_AUTORELEASING = YES;
				CLANG_WARN_BOOL_CONVERSION = YES;
				CLANG_WARN_COMMA = YES;
				CLANG_WARN_CONSTANT_CONVERSION = YES;
				CLANG_WARN_DEPRECATED_OBJC_IMPLEMENTATIONS = YES;
				CLANG_WARN_DIRECT_OBJC_ISA_USAGE = YES_ERROR;
				CLANG_WARN_DOCUMENTATION_COMMENTS = YES;
				CLANG_WARN_EMPTY_BODY = YES;
				CLANG_WARN_ENUM_CONVERSION = YES;
				CLANG_WARN_INFINITE_RECURSION = YES;
				CLANG_WARN_INT_CONVERSION = YES;
				CLANG_WARN_NON_LITERAL_NULL_CONVERSION = YES;
				CLANG_WARN_OBJC_IMPLICIT_RETAIN_SELF = YES;
				CLANG_WARN_OBJC_LITERAL_CONVERSION = YES;
				CLANG_WARN_OBJC_ROOT_CLASS = YES_ERROR;
				CLANG_WARN_QUOTED_INCLUDE_IN_FRAMEWORK_HEADER = YES;
				CLANG_WARN_RANGE_LOOP_ANALYSIS = YES;
				CLANG_WARN_STRICT_PROTOTYPES = YES;
				CLANG_WARN_SUSPICIOUS_MOVE = YES;
				CLANG_WARN_UNGUARDED_AVAILABILITY = YES_AGGRESSIVE;
				CLANG_WARN_UNREACHABLE_CODE = YES;
				CLANG_WARN__DUPLICATE_METHOD_MATCH = YES;
				COPY_PHASE_STRIP = NO;
				DEBUG_INFORMATION_FORMAT = "dwarf-with-dsym";
				ENABLE_NS_ASSERTIONS = NO;
				ENABLE_STRICT_OBJC_MSGSEND = YES;
				GCC_C_LANGUAGE_STANDARD = gnu11;
				GCC_NO_COMMON_BLOCKS = YES;
				GCC_WARN_64_TO_32_BIT_CONVERSION = YES;
				GCC_WARN_ABOUT_RETURN_TYPE = YES_ERROR;
				GCC_WARN_UNDECLARED_SELECTOR = YES;
				GCC_WARN_UNINITIALIZED_AUTOS = YES_AGGRESSIVE;
				GCC_WARN_UNUSED_FUNCTION = YES;
				GCC_WARN_UNUSED_VARIABLE = YES;
				IPHONEOS_DEPLOYMENT_TARGET = 16.4;
				MTL_ENABLE_DEBUG_INFO = NO;
				MTL_FAST_MATH = YES;
				SDKROOT = iphoneos;
				SWIFT_COMPILATION_MODE = wholemodule;
				SWIFT_OPTIMIZATION_LEVEL = "-O";
				VALIDATE_PRODUCT = YES;
			};
			name = Release;
		};
		5ADD34192AE25471006A47A1 /* Debug */ = {
			isa = XCBuildConfiguration;
			baseConfigurationReference = 83E24470230FEF42EA23AA99 /* Pods-SaltMiniProject.debug.xcconfig */;
			buildSettings = {
				ASSETCATALOG_COMPILER_APPICON_NAME = AppIcon;
				ASSETCATALOG_COMPILER_GLOBAL_ACCENT_COLOR_NAME = AccentColor;
				CODE_SIGN_STYLE = Automatic;
				CURRENT_PROJECT_VERSION = 1;
				DEVELOPMENT_TEAM = 56YNX87MHG;
				GENERATE_INFOPLIST_FILE = YES;
				INFOPLIST_FILE = SaltMiniProject/Info.plist;
				INFOPLIST_KEY_UIApplicationSupportsIndirectInputEvents = YES;
				INFOPLIST_KEY_UILaunchStoryboardName = LaunchScreen;
				INFOPLIST_KEY_UISupportedInterfaceOrientations = UIInterfaceOrientationPortrait;
				INFOPLIST_KEY_UISupportedInterfaceOrientations_iPad = "UIInterfaceOrientationPortrait UIInterfaceOrientationPortraitUpsideDown";
				IPHONEOS_DEPLOYMENT_TARGET = 16.0;
				LD_RUNPATH_SEARCH_PATHS = (
					"$(inherited)",
					"@executable_path/Frameworks",
				);
				MARKETING_VERSION = 1.0;
				PRODUCT_BUNDLE_IDENTIFIER = com.hafshy.SaltMiniProject;
				PRODUCT_NAME = "$(TARGET_NAME)";
				SWIFT_EMIT_LOC_STRINGS = YES;
				SWIFT_VERSION = 5.0;
				TARGETED_DEVICE_FAMILY = "1,2";
			};
			name = Debug;
		};
		5ADD341A2AE25471006A47A1 /* Release */ = {
			isa = XCBuildConfiguration;
			baseConfigurationReference = 1F817B703269F9F2A96CEB01 /* Pods-SaltMiniProject.release.xcconfig */;
			buildSettings = {
				ASSETCATALOG_COMPILER_APPICON_NAME = AppIcon;
				ASSETCATALOG_COMPILER_GLOBAL_ACCENT_COLOR_NAME = AccentColor;
				CODE_SIGN_STYLE = Automatic;
				CURRENT_PROJECT_VERSION = 1;
				DEVELOPMENT_TEAM = 56YNX87MHG;
				GENERATE_INFOPLIST_FILE = YES;
				INFOPLIST_FILE = SaltMiniProject/Info.plist;
				INFOPLIST_KEY_UIApplicationSupportsIndirectInputEvents = YES;
				INFOPLIST_KEY_UILaunchStoryboardName = LaunchScreen;
				INFOPLIST_KEY_UISupportedInterfaceOrientations = UIInterfaceOrientationPortrait;
				INFOPLIST_KEY_UISupportedInterfaceOrientations_iPad = "UIInterfaceOrientationPortrait UIInterfaceOrientationPortraitUpsideDown";
				IPHONEOS_DEPLOYMENT_TARGET = 16.0;
				LD_RUNPATH_SEARCH_PATHS = (
					"$(inherited)",
					"@executable_path/Frameworks",
				);
				MARKETING_VERSION = 1.0;
				PRODUCT_BUNDLE_IDENTIFIER = com.hafshy.SaltMiniProject;
				PRODUCT_NAME = "$(TARGET_NAME)";
				SWIFT_EMIT_LOC_STRINGS = YES;
				SWIFT_VERSION = 5.0;
				TARGETED_DEVICE_FAMILY = "1,2";
			};
			name = Release;
		};
		5ADD341C2AE25471006A47A1 /* Debug */ = {
			isa = XCBuildConfiguration;
			baseConfigurationReference = A1C38A2499297E7A8A572A54 /* Pods-SaltMiniProjectTests.debug.xcconfig */;
			buildSettings = {
				ALWAYS_EMBED_SWIFT_STANDARD_LIBRARIES = YES;
				BUNDLE_LOADER = "$(TEST_HOST)";
				CODE_SIGN_STYLE = Automatic;
				CURRENT_PROJECT_VERSION = 1;
				DEVELOPMENT_TEAM = 56YNX87MHG;
				GENERATE_INFOPLIST_FILE = YES;
				IPHONEOS_DEPLOYMENT_TARGET = 16.4;
				MARKETING_VERSION = 1.0;
				PRODUCT_BUNDLE_IDENTIFIER = com.hafshy.SaltMiniProjectTests;
				PRODUCT_NAME = "$(TARGET_NAME)";
				SWIFT_EMIT_LOC_STRINGS = NO;
				SWIFT_VERSION = 5.0;
				TARGETED_DEVICE_FAMILY = "1,2";
				TEST_HOST = "$(BUILT_PRODUCTS_DIR)/SaltMiniProject.app/$(BUNDLE_EXECUTABLE_FOLDER_PATH)/SaltMiniProject";
			};
			name = Debug;
		};
		5ADD341D2AE25471006A47A1 /* Release */ = {
			isa = XCBuildConfiguration;
			baseConfigurationReference = C10F9E7AEDC417106B06A7E7 /* Pods-SaltMiniProjectTests.release.xcconfig */;
			buildSettings = {
				ALWAYS_EMBED_SWIFT_STANDARD_LIBRARIES = YES;
				BUNDLE_LOADER = "$(TEST_HOST)";
				CODE_SIGN_STYLE = Automatic;
				CURRENT_PROJECT_VERSION = 1;
				DEVELOPMENT_TEAM = 56YNX87MHG;
				GENERATE_INFOPLIST_FILE = YES;
				IPHONEOS_DEPLOYMENT_TARGET = 16.4;
				MARKETING_VERSION = 1.0;
				PRODUCT_BUNDLE_IDENTIFIER = com.hafshy.SaltMiniProjectTests;
				PRODUCT_NAME = "$(TARGET_NAME)";
				SWIFT_EMIT_LOC_STRINGS = NO;
				SWIFT_VERSION = 5.0;
				TARGETED_DEVICE_FAMILY = "1,2";
				TEST_HOST = "$(BUILT_PRODUCTS_DIR)/SaltMiniProject.app/$(BUNDLE_EXECUTABLE_FOLDER_PATH)/SaltMiniProject";
			};
			name = Release;
		};
		5ADD341F2AE25471006A47A1 /* Debug */ = {
			isa = XCBuildConfiguration;
			baseConfigurationReference = 8EB419122DC182086D8262FE /* Pods-SaltMiniProject-SaltMiniProjectUITests.debug.xcconfig */;
			buildSettings = {
				ALWAYS_EMBED_SWIFT_STANDARD_LIBRARIES = YES;
				CODE_SIGN_STYLE = Automatic;
				CURRENT_PROJECT_VERSION = 1;
				DEVELOPMENT_TEAM = 56YNX87MHG;
				GENERATE_INFOPLIST_FILE = YES;
				MARKETING_VERSION = 1.0;
				PRODUCT_BUNDLE_IDENTIFIER = com.hafshy.SaltMiniProjectUITests;
				PRODUCT_NAME = "$(TARGET_NAME)";
				SWIFT_EMIT_LOC_STRINGS = NO;
				SWIFT_VERSION = 5.0;
				TARGETED_DEVICE_FAMILY = "1,2";
				TEST_TARGET_NAME = SaltMiniProject;
			};
			name = Debug;
		};
		5ADD34202AE25471006A47A1 /* Release */ = {
			isa = XCBuildConfiguration;
			baseConfigurationReference = 00DCD8BD95344FD03F1E175E /* Pods-SaltMiniProject-SaltMiniProjectUITests.release.xcconfig */;
			buildSettings = {
				ALWAYS_EMBED_SWIFT_STANDARD_LIBRARIES = YES;
				CODE_SIGN_STYLE = Automatic;
				CURRENT_PROJECT_VERSION = 1;
				DEVELOPMENT_TEAM = 56YNX87MHG;
				GENERATE_INFOPLIST_FILE = YES;
				MARKETING_VERSION = 1.0;
				PRODUCT_BUNDLE_IDENTIFIER = com.hafshy.SaltMiniProjectUITests;
				PRODUCT_NAME = "$(TARGET_NAME)";
				SWIFT_EMIT_LOC_STRINGS = NO;
				SWIFT_VERSION = 5.0;
				TARGETED_DEVICE_FAMILY = "1,2";
				TEST_TARGET_NAME = SaltMiniProject;
			};
			name = Release;
		};
/* End XCBuildConfiguration section */

/* Begin XCConfigurationList section */
		5ADD33E92AE2546F006A47A1 /* Build configuration list for PBXProject "SaltMiniProject" */ = {
			isa = XCConfigurationList;
			buildConfigurations = (
				5ADD34162AE25471006A47A1 /* Debug */,
				5ADD34172AE25471006A47A1 /* Release */,
			);
			defaultConfigurationIsVisible = 0;
			defaultConfigurationName = Release;
		};
		5ADD34182AE25471006A47A1 /* Build configuration list for PBXNativeTarget "SaltMiniProject" */ = {
			isa = XCConfigurationList;
			buildConfigurations = (
				5ADD34192AE25471006A47A1 /* Debug */,
				5ADD341A2AE25471006A47A1 /* Release */,
			);
			defaultConfigurationIsVisible = 0;
			defaultConfigurationName = Release;
		};
		5ADD341B2AE25471006A47A1 /* Build configuration list for PBXNativeTarget "SaltMiniProjectTests" */ = {
			isa = XCConfigurationList;
			buildConfigurations = (
				5ADD341C2AE25471006A47A1 /* Debug */,
				5ADD341D2AE25471006A47A1 /* Release */,
			);
			defaultConfigurationIsVisible = 0;
			defaultConfigurationName = Release;
		};
		5ADD341E2AE25471006A47A1 /* Build configuration list for PBXNativeTarget "SaltMiniProjectUITests" */ = {
			isa = XCConfigurationList;
			buildConfigurations = (
				5ADD341F2AE25471006A47A1 /* Debug */,
				5ADD34202AE25471006A47A1 /* Release */,
			);
			defaultConfigurationIsVisible = 0;
			defaultConfigurationName = Release;
		};
/* End XCConfigurationList section */
	};
	rootObject = 5ADD33E62AE2546F006A47A1 /* Project object */;
}
